# THIS IS AN AUTOGENERATED FILE. DO NOT EDIT THIS FILE DIRECTLY.
# yarn lockfile v1


filepond@^4.30.5:
  version "4.30.5"
  resolved "https://registry.yarnpkg.com/filepond/-/filepond-4.30.5.tgz#af1c0cf2f54034857af00cd3fe479fcc14e1d34d"
  integrity sha512-+uZrwbZmqkqONl5ApWAE8zsonipXEm6yAX6B71TUuYWRogmJ2nYJCt9E7KiOHtphyChyKKNJTKuV52gn0oQihw==

js-cookie@^3.0.5:
  version "3.0.5"
  resolved "https://registry.yarnpkg.com/js-cookie/-/js-cookie-3.0.5.tgz#0b7e2fd0c01552c58ba86e0841f94dc2557dcdbc"
  integrity sha512-cEiJEAEoIbWfCZYKWhVwFuvPX1gETRYPw6LlaTKoxD3s2AkXzkCjnp6h0V77ozyqj0jakteJ4YqDJT830+lVGw==
