# THIS IS AN AUTOGENERATED FILE. DO NOT EDIT THIS FILE DIRECTLY.
# yarn lockfile v1


filepond@^4.30.6:
  version "4.30.6"
  resolved "https://registry.yarnpkg.com/filepond/-/filepond-4.30.6.tgz#59ef22196f810be169c77f3f1fc1439931844a3a"
  integrity sha512-gBsVKJgr5HFTkQSA/3R6utne4Qt6Pue0O3+k3IjjVBbaQxMgGMI0fXwoob9SdRRoULCs8BAhWjttM28hOAi/0w==

js-cookie@^3.0.5:
  version "3.0.5"
  resolved "https://registry.yarnpkg.com/js-cookie/-/js-cookie-3.0.5.tgz#0b7e2fd0c01552c58ba86e0841f94dc2557dcdbc"
  integrity sha512-cEiJEAEoIbWfCZYKWhVwFuvPX1gETRYPw6LlaTKoxD3s2AkXzkCjnp6h0V77ozyqj0jakteJ4YqDJT830+lVGw==
